Microsoft Visual Studio Solution File, Format Version 12.00
# Visual Studio Version 17
VisualStudioVersion = 17.5.2.0
MinimumVisualStudioVersion = 10.0.40219.1
Project("{FAE04EC0-301F-11D3-BF4B-00C04F79EFBC}") = "project-lazarus-downloader", "project-lazarus-downloader.csproj", "{354BB647-ACBB-E713-C812-2F528B238566}"
EndProject
Global
	GlobalSection(SolutionConfigurationPlatforms) = preSolution
		Debug|Any CPU = Debug|Any CPU
		Release|Any CPU = Release|Any CPU
	EndGlobalSection
	GlobalSection(ProjectConfigurationPlatforms) = postSolution
		{354BB647-ACBB-E713-C812-2F528B238566}.Debug|Any CPU.ActiveCfg = Debug|Any CPU
		{354BB647-ACBB-E713-C812-2F528B238566}.Debug|Any CPU.Build.0 = Debug|Any CPU
		{354BB647-ACBB-E713-C812-2F528B238566}.Release|Any CPU.ActiveCfg = Release|Any CPU
		{354BB647-ACBB-E713-C812-2F528B238566}.Release|Any CPU.Build.0 = Release|Any CPU
	EndGlobalSection
	GlobalSection(SolutionProperties) = preSolution
		HideSolutionNode = FALSE
	EndGlobalSection
	GlobalSection(ExtensibilityGlobals) = postSolution
		SolutionGuid = {44DD5692-9D88-4011-9142-3AE3E26445D9}
	EndGlobalSection
EndGlobal
